
Microsoft Visual Studio Solution File, Format Version 12.00
# Visual Studio Version 17
VisualStudioVersion = 17.2.32519.379
MinimumVisualStudioVersion = 10.0.40219.1
Project("{9A19103F-16F7-4668-BE54-9A1E7A4F7556}") = "day13 projects", "day13 projects\day13 projects.csproj", "{D6968A38-C519-4FCF-A780-D2441560F806}"
EndProject
Project("{9A19103F-16F7-4668-BE54-9A1E7A4F7556}") = "day13 uc4", "day13 uc4\day13 uc4.csproj", "{3C645BE4-F268-4EEE-AE0F-907B33291E00}"
EndProject
Project("{FAE04EC0-301F-11D3-BF4B-00C04F79EFBC}") = "day13 uc2 findmaxfloatnum", "day13 uc2 findmaxfloatnum\day13 uc2 findmaxfloatnum.csproj", "{A9F22A2C-B598-4383-8D02-879763B19DE5}"
EndProject
Project("{FAE04EC0-301F-11D3-BF4B-00C04F79EFBC}") = "day13 uc3 stringnumbermax", "day13 uc3 stringnumbermax\day13 uc3 stringnumbermax.csproj", "{5E254BEB-823C-427C-A7C9-F4CA3F399AA7}"
EndProject
Global
	GlobalSection(SolutionConfigurationPlatforms) = preSolution
		Debug|Any CPU = Debug|Any CPU
		Release|Any CPU = Release|Any CPU
	EndGlobalSection
	GlobalSection(ProjectConfigurationPlatforms) = postSolution
		{D6968A38-C519-4FCF-A780-D2441560F806}.Debug|Any CPU.ActiveCfg = Debug|Any CPU
		{D6968A38-C519-4FCF-A780-D2441560F806}.Debug|Any CPU.Build.0 = Debug|Any CPU
		{D6968A38-C519-4FCF-A780-D2441560F806}.Release|Any CPU.ActiveCfg = Release|Any CPU
		{D6968A38-C519-4FCF-A780-D2441560F806}.Release|Any CPU.Build.0 = Release|Any CPU
		{3C645BE4-F268-4EEE-AE0F-907B33291E00}.Debug|Any CPU.ActiveCfg = Debug|Any CPU
		{3C645BE4-F268-4EEE-AE0F-907B33291E00}.Debug|Any CPU.Build.0 = Debug|Any CPU
		{3C645BE4-F268-4EEE-AE0F-907B33291E00}.Release|Any CPU.ActiveCfg = Release|Any CPU
		{3C645BE4-F268-4EEE-AE0F-907B33291E00}.Release|Any CPU.Build.0 = Release|Any CPU
		{A9F22A2C-B598-4383-8D02-879763B19DE5}.Debug|Any CPU.ActiveCfg = Debug|Any CPU
		{A9F22A2C-B598-4383-8D02-879763B19DE5}.Debug|Any CPU.Build.0 = Debug|Any CPU
		{A9F22A2C-B598-4383-8D02-879763B19DE5}.Release|Any CPU.ActiveCfg = Release|Any CPU
		{A9F22A2C-B598-4383-8D02-879763B19DE5}.Release|Any CPU.Build.0 = Release|Any CPU
		{5E254BEB-823C-427C-A7C9-F4CA3F399AA7}.Debug|Any CPU.ActiveCfg = Debug|Any CPU
		{5E254BEB-823C-427C-A7C9-F4CA3F399AA7}.Debug|Any CPU.Build.0 = Debug|Any CPU
		{5E254BEB-823C-427C-A7C9-F4CA3F399AA7}.Release|Any CPU.ActiveCfg = Release|Any CPU
		{5E254BEB-823C-427C-A7C9-F4CA3F399AA7}.Release|Any CPU.Build.0 = Release|Any CPU
	EndGlobalSection
	GlobalSection(SolutionProperties) = preSolution
		HideSolutionNode = FALSE
	EndGlobalSection
	GlobalSection(ExtensibilityGlobals) = postSolution
		SolutionGuid = {81A02950-9A6B-4375-88B5-61C6D89B7944}
	EndGlobalSection
EndGlobal
